{
  "requires": true,
  "lockfileVersion": 1,
  "dependencies": {
    "seeme-js": {
      "version": "1.0.0",
      "resolved": "https://registry.npmjs.org/seeme-js/-/seeme-js-1.0.0.tgz",
      "integrity": "sha512-6gDk/L7VYOzoDS+7rg/ONi0a79KhEIgivFtoA9w8LMpzfP662DeNqRVLeqlCLEusjba3THoJgD+2fjz7yuuivA=="
    }
  }
}
